
Microsoft Visual Studio Solution File, Format Version 12.00
# Visual Studio 15
VisualStudioVersion = 15.0.27703.2018
MinimumVisualStudioVersion = 10.0.40219.1
Project("{9A19103F-16F7-4668-BE54-9A1E7A4F7556}") = "SimpleCalculator", "SimpleCalculator\SimpleCalculator.csproj", "{01E05BF0-33E7-4973-8BF9-4CCE4A238588}"
EndProject
Project("{9A19103F-16F7-4668-BE54-9A1E7A4F7556}") = "SimpleCalculatorServer", "SimpleCalculatorServer\SimpleCalculatorServer.csproj", "{64CB6231-ADFF-40D6-906D-70E7DA036231}"
EndProject
Global
	GlobalSection(SolutionConfigurationPlatforms) = preSolution
		Debug|Any CPU = Debug|Any CPU
		Release|Any CPU = Release|Any CPU
	EndGlobalSection
	GlobalSection(ProjectConfigurationPlatforms) = postSolution
		{01E05BF0-33E7-4973-8BF9-4CCE4A238588}.Debug|Any CPU.ActiveCfg = Debug|Any CPU
		{01E05BF0-33E7-4973-8BF9-4CCE4A238588}.Debug|Any CPU.Build.0 = Debug|Any CPU
		{01E05BF0-33E7-4973-8BF9-4CCE4A238588}.Release|Any CPU.ActiveCfg = Release|Any CPU
		{01E05BF0-33E7-4973-8BF9-4CCE4A238588}.Release|Any CPU.Build.0 = Release|Any CPU
		{64CB6231-ADFF-40D6-906D-70E7DA036231}.Debug|Any CPU.ActiveCfg = Debug|Any CPU
		{64CB6231-ADFF-40D6-906D-70E7DA036231}.Debug|Any CPU.Build.0 = Debug|Any CPU
		{64CB6231-ADFF-40D6-906D-70E7DA036231}.Release|Any CPU.ActiveCfg = Release|Any CPU
		{64CB6231-ADFF-40D6-906D-70E7DA036231}.Release|Any CPU.Build.0 = Release|Any CPU
	EndGlobalSection
	GlobalSection(SolutionProperties) = preSolution
		HideSolutionNode = FALSE
	EndGlobalSection
	GlobalSection(ExtensibilityGlobals) = postSolution
		SolutionGuid = {9116503F-4A41-4317-80BD-AC8C2718E4F2}
	EndGlobalSection
EndGlobal
